
Microsoft Visual Studio Solution File, Format Version 12.00
# Visual Studio Version 16
VisualStudioVersion = 16.0.31205.134
MinimumVisualStudioVersion = 10.0.40219.1
Project("{FAE04EC0-301F-11D3-BF4B-00C04F79EFBC}") = "ProxyScraper", "ProxyScraper.csproj", "{B259954D-570B-4204-8621-A8D7F952A116}"
EndProject
Global
	GlobalSection(SolutionConfigurationPlatforms) = preSolution
		Debug|Any CPU = Debug|Any CPU
		Release|Any CPU = Release|Any CPU
	EndGlobalSection
	GlobalSection(ProjectConfigurationPlatforms) = postSolution
		{B259954D-570B-4204-8621-A8D7F952A116}.Debug|Any CPU.ActiveCfg = Debug|Any CPU
		{B259954D-570B-4204-8621-A8D7F952A116}.Debug|Any CPU.Build.0 = Debug|Any CPU
		{B259954D-570B-4204-8621-A8D7F952A116}.Release|Any CPU.ActiveCfg = Release|Any CPU
		{B259954D-570B-4204-8621-A8D7F952A116}.Release|Any CPU.Build.0 = Release|Any CPU
	EndGlobalSection
	GlobalSection(SolutionProperties) = preSolution
		HideSolutionNode = FALSE
	EndGlobalSection
	GlobalSection(ExtensibilityGlobals) = postSolution
		SolutionGuid = {3E97DB27-1D6C-43E5-8CE9-00634F1117C1}
	EndGlobalSection
EndGlobal
